
Microsoft Visual Studio Solution File, Format Version 12.00
# Visual Studio Version 17
VisualStudioVersion = 17.4.33403.182
MinimumVisualStudioVersion = 10.0.40219.1
Project("{FAE04EC0-301F-11D3-BF4B-00C04F79EFBC}") = "WebBanHang", "WebBanHang\WebBanHang.csproj", "{B647A64D-E81E-4CC1-B26B-C4A433D30EDD}"
EndProject
Global
	GlobalSection(SolutionConfigurationPlatforms) = preSolution
		Debug|Any CPU = Debug|Any CPU
		Release|Any CPU = Release|Any CPU
	EndGlobalSection
	GlobalSection(ProjectConfigurationPlatforms) = postSolution
		{B647A64D-E81E-4CC1-B26B-C4A433D30EDD}.Debug|Any CPU.ActiveCfg = Debug|Any CPU
		{B647A64D-E81E-4CC1-B26B-C4A433D30EDD}.Debug|Any CPU.Build.0 = Debug|Any CPU
		{B647A64D-E81E-4CC1-B26B-C4A433D30EDD}.Release|Any CPU.ActiveCfg = Release|Any CPU
		{B647A64D-E81E-4CC1-B26B-C4A433D30EDD}.Release|Any CPU.Build.0 = Release|Any CPU
	EndGlobalSection
	GlobalSection(SolutionProperties) = preSolution
		HideSolutionNode = FALSE
	EndGlobalSection
	GlobalSection(ExtensibilityGlobals) = postSolution
		SolutionGuid = {C476975A-B81A-4BFD-9F30-661CAE9912C2}
	EndGlobalSection
EndGlobal
